# IF THERE'S A GIT CONFLICT IN THIS FILE, DON'T SOLVE IT MANUALLY!
# INSTEAD EXECUTE `prisma lift fix`
# lift lockfile v1
# Read more about conflict resolution here: TODO

20191205145929-init
20191228124159-permission
20200116185516-progs-apps-users
20200202113550-updated-apps
20200202114737-new-app-again
20200202115214-even-more-new-app